
Microsoft Visual Studio Solution File, Format Version 12.00
# Visual Studio Version 17
VisualStudioVersion = 17.9.34622.214
MinimumVisualStudioVersion = 10.0.40219.1
Project("{FAE04EC0-301F-11D3-BF4B-00C04F79EFBC}") = "PageMonitor.Domain", "PageMonitor.Domain\PageMonitor.Domain.csproj", "{FCDBDE0F-5499-45B4-9275-B71676A5456A}"
EndProject
Project("{FAE04EC0-301F-11D3-BF4B-00C04F79EFBC}") = "PageMonitor.Application", "PageMonitor.Application\PageMonitor.Application.csproj", "{F5B3B408-B888-4055-BB63-EFC1FB258C70}"
EndProject
Project("{FAE04EC0-301F-11D3-BF4B-00C04F79EFBC}") = "PageMonitor.Infrastructure", "PageMonitor.Infrastructure\PageMonitor.Infrastructure.csproj", "{5F9DAB03-CC12-43A6-B4E7-D47145EEAD38}"
EndProject
Project("{FAE04EC0-301F-11D3-BF4B-00C04F79EFBC}") = "PageMonitor.WebAPI", "PageMonitor.WebAPI\PageMonitor.WebAPI.csproj", "{1FB057D6-BDFE-4931-AA8C-441472924A57}"
EndProject
Global
	GlobalSection(SolutionConfigurationPlatforms) = preSolution
		Debug|Any CPU = Debug|Any CPU
		Release|Any CPU = Release|Any CPU
	EndGlobalSection
	GlobalSection(ProjectConfigurationPlatforms) = postSolution
		{FCDBDE0F-5499-45B4-9275-B71676A5456A}.Debug|Any CPU.ActiveCfg = Debug|Any CPU
		{FCDBDE0F-5499-45B4-9275-B71676A5456A}.Debug|Any CPU.Build.0 = Debug|Any CPU
		{FCDBDE0F-5499-45B4-9275-B71676A5456A}.Release|Any CPU.ActiveCfg = Release|Any CPU
		{FCDBDE0F-5499-45B4-9275-B71676A5456A}.Release|Any CPU.Build.0 = Release|Any CPU
		{F5B3B408-B888-4055-BB63-EFC1FB258C70}.Debug|Any CPU.ActiveCfg = Debug|Any CPU
		{F5B3B408-B888-4055-BB63-EFC1FB258C70}.Debug|Any CPU.Build.0 = Debug|Any CPU
		{F5B3B408-B888-4055-BB63-EFC1FB258C70}.Release|Any CPU.ActiveCfg = Release|Any CPU
		{F5B3B408-B888-4055-BB63-EFC1FB258C70}.Release|Any CPU.Build.0 = Release|Any CPU
		{5F9DAB03-CC12-43A6-B4E7-D47145EEAD38}.Debug|Any CPU.ActiveCfg = Debug|Any CPU
		{5F9DAB03-CC12-43A6-B4E7-D47145EEAD38}.Debug|Any CPU.Build.0 = Debug|Any CPU
		{5F9DAB03-CC12-43A6-B4E7-D47145EEAD38}.Release|Any CPU.ActiveCfg = Release|Any CPU
		{5F9DAB03-CC12-43A6-B4E7-D47145EEAD38}.Release|Any CPU.Build.0 = Release|Any CPU
		{1FB057D6-BDFE-4931-AA8C-441472924A57}.Debug|Any CPU.ActiveCfg = Debug|Any CPU
		{1FB057D6-BDFE-4931-AA8C-441472924A57}.Debug|Any CPU.Build.0 = Debug|Any CPU
		{1FB057D6-BDFE-4931-AA8C-441472924A57}.Release|Any CPU.ActiveCfg = Release|Any CPU
		{1FB057D6-BDFE-4931-AA8C-441472924A57}.Release|Any CPU.Build.0 = Release|Any CPU
	EndGlobalSection
	GlobalSection(SolutionProperties) = preSolution
		HideSolutionNode = FALSE
	EndGlobalSection
	GlobalSection(ExtensibilityGlobals) = postSolution
		SolutionGuid = {CAA9A159-9B5A-433A-B8C5-D34975626660}
	EndGlobalSection
EndGlobal
